
Microsoft Visual Studio Solution File, Format Version 12.00
# Visual Studio Version 16
VisualStudioVersion = 16.0.30907.101
MinimumVisualStudioVersion = 10.0.40219.1
Project("{FAE04EC0-301F-11D3-BF4B-00C04F79EFBC}") = "Morse Code", "Morse Code\Morse Code.csproj", "{F1BA0D2F-B961-452A-BCF2-26E691644272}"
EndProject
Project("{FAE04EC0-301F-11D3-BF4B-00C04F79EFBC}") = "LibMorseCode", "LibMorseCode\LibMorseCode.csproj", "{11BB7DC5-63B8-42F2-A9C1-802F6427FE5D}"
EndProject
Global
	GlobalSection(SolutionConfigurationPlatforms) = preSolution
		Debug|Any CPU = Debug|Any CPU
		Release|Any CPU = Release|Any CPU
	EndGlobalSection
	GlobalSection(ProjectConfigurationPlatforms) = postSolution
		{F1BA0D2F-B961-452A-BCF2-26E691644272}.Debug|Any CPU.ActiveCfg = Debug|Any CPU
		{F1BA0D2F-B961-452A-BCF2-26E691644272}.Debug|Any CPU.Build.0 = Debug|Any CPU
		{F1BA0D2F-B961-452A-BCF2-26E691644272}.Release|Any CPU.ActiveCfg = Release|Any CPU
		{F1BA0D2F-B961-452A-BCF2-26E691644272}.Release|Any CPU.Build.0 = Release|Any CPU
		{11BB7DC5-63B8-42F2-A9C1-802F6427FE5D}.Debug|Any CPU.ActiveCfg = Debug|Any CPU
		{11BB7DC5-63B8-42F2-A9C1-802F6427FE5D}.Debug|Any CPU.Build.0 = Debug|Any CPU
		{11BB7DC5-63B8-42F2-A9C1-802F6427FE5D}.Release|Any CPU.ActiveCfg = Release|Any CPU
		{11BB7DC5-63B8-42F2-A9C1-802F6427FE5D}.Release|Any CPU.Build.0 = Release|Any CPU
	EndGlobalSection
	GlobalSection(SolutionProperties) = preSolution
		HideSolutionNode = FALSE
	EndGlobalSection
	GlobalSection(ExtensibilityGlobals) = postSolution
		SolutionGuid = {2864E539-266A-4C95-8D8C-0C1A1DD3CDB4}
	EndGlobalSection
EndGlobal
